// !$*UTF8*$!
{
	archiveVersion = 1;
	classes = {
	};
	objectVersion = 50;
	objects = {

/* Begin PBXBuildFile section */
		0425F78E231E1BF900E443D5 /* TestStatic.swift in Sources */ = {isa = PBXBuildFile; fileRef = 0425F78D231E1BF900E443D5 /* TestStatic.swift */; };
		0425F7B1231E215C00E443D5 /* TestStaticLogic.swift in Sources */ = {isa = PBXBuildFile; fileRef = 0425F7B0231E215C00E443D5 /* TestStaticLogic.swift */; };
		32D05B854DA65914B6ED7A19 /* Pods_TestStatic.framework in Frameworks */ = {isa = PBXBuildFile; fileRef = 5B88D9E7105D8B2DF9A365CE /* Pods_TestStatic.framework */; };
/* End PBXBuildFile section */

/* Begin PBXCopyFilesBuildPhase section */
		0425F788231E1BF900E443D5 /* CopyFiles */ = {
			isa = PBXCopyFilesBuildPhase;
			buildActionMask = 2147483647;
			dstPath = "include/$(PRODUCT_NAME)";
			dstSubfolderSpec = 16;
			files = (
			);
			runOnlyForDeploymentPostprocessing = 0;
		};
/* End PBXCopyFilesBuildPhase section */

/* Begin PBXFileReference section */
		0425F78A231E1BF900E443D5 /* libTestStatic.a */ = {isa = PBXFileReference; explicitFileType = archive.ar; includeInIndex = 0; path = libTestStatic.a; sourceTree = BUILT_PRODUCTS_DIR; };
		0425F78D231E1BF900E443D5 /* TestStatic.swift */ = {isa = PBXFileReference; lastKnownFileType = sourcecode.swift; path = TestStatic.swift; sourceTree = "<group>"; };
		0425F7B0231E215C00E443D5 /* TestStaticLogic.swift */ = {isa = PBXFileReference; lastKnownFileType = sourcecode.swift; path = TestStaticLogic.swift; sourceTree = "<group>"; };
		5B88D9E7105D8B2DF9A365CE /* Pods_TestStatic.framework */ = {isa = PBXFileReference; explicitFileType = wrapper.framework; includeInIndex = 0; path = Pods_TestStatic.framework; sourceTree = BUILT_PRODUCTS_DIR; };
		C5CA4EE9AE264338095ADD14 /* Pods-TestStatic.release.xcconfig */ = {isa = PBXFileReference; includeInIndex = 1; lastKnownFileType = text.xcconfig; name = "Pods-TestStatic.release.xcconfig"; path = "Target Support Files/Pods-TestStatic/Pods-TestStatic.release.xcconfig"; sourceTree = "<group>"; };
		E4656005FA6BF18D2A8F9093 /* Pods-TestStatic.debug.xcconfig */ = {isa = PBXFileReference; includeInIndex = 1; lastKnownFileType = text.xcconfig; name = "Pods-TestStatic.debug.xcconfig"; path = "Target Support Files/Pods-TestStatic/Pods-TestStatic.debug.xcconfig"; sourceTree = "<group>"; };
/* End PBXFileReference section */

/* Begin PBXFrameworksBuildPhase section */
		0425F787231E1BF900E443D5 /* Frameworks */ = {
			isa = PBXFrameworksBuildPhase;
			buildActionMask = 2147483647;
			files = (
				32D05B854DA65914B6ED7A19 /* Pods_TestStatic.framework in Frameworks */,
			);
			runOnlyForDeploymentPostprocessing = 0;
		};
/* End PBXFrameworksBuildPhase section */

/* Begin PBXGroup section */
		0425F781231E1BF900E443D5 = {
			isa = PBXGroup;
			children = (
				0425F78C231E1BF900E443D5 /* TestStatic */,
				0425F78B231E1BF900E443D5 /* Products */,
				B14C94D8CAF41163127135CC /* Pods */,
				53C7B1DD4ACE056664873582 /* Frameworks */,
			);
			sourceTree = "<group>";
		};
		0425F78B231E1BF900E443D5 /* Products */ = {
			isa = PBXGroup;
			children = (
				0425F78A231E1BF900E443D5 /* libTestStatic.a */,
			);
			name = Products;
			sourceTree = "<group>";
		};
		0425F78C231E1BF900E443D5 /* TestStatic */ = {
			isa = PBXGroup;
			children = (
				0425F78D231E1BF900E443D5 /* TestStatic.swift */,
				0425F7B0231E215C00E443D5 /* TestStaticLogic.swift */,
			);
			path = TestStatic;
			sourceTree = "<group>";
		};
		53C7B1DD4ACE056664873582 /* Frameworks */ = {
			isa = PBXGroup;
			children = (
				5B88D9E7105D8B2DF9A365CE /* Pods_TestStatic.framework */,
			);
			name = Frameworks;
			sourceTree = "<group>";
		};
		B14C94D8CAF41163127135CC /* Pods */ = {
			isa = PBXGroup;
			children = (
				E4656005FA6BF18D2A8F9093 /* Pods-TestStatic.debug.xcconfig */,
				C5CA4EE9AE264338095ADD14 /* Pods-TestStatic.release.xcconfig */,
			);
			name = Pods;
			path = ../Pods;
			sourceTree = "<group>";
		};
/* End PBXGroup section */

/* Begin PBXNativeTarget section */
		0425F789231E1BF900E443D5 /* TestStatic */ = {
			isa = PBXNativeTarget;
			buildConfigurationList = 0425F791231E1BF900E443D5 /* Build configuration list for PBXNativeTarget "TestStatic" */;
			buildPhases = (
				BB3BD8AD34AB67BDC401EA1A /* [CP] Check Pods Manifest.lock */,
				0425F786231E1BF900E443D5 /* Sources */,
				0425F787231E1BF900E443D5 /* Frameworks */,
				0425F788231E1BF900E443D5 /* CopyFiles */,
			);
			buildRules = (
			);
			dependencies = (
			);
			name = TestStatic;
			productName = TestStatic;
			productReference = 0425F78A231E1BF900E443D5 /* libTestStatic.a */;
			productType = "com.apple.product-type.library.static";
		};
/* End PBXNativeTarget section */

/* Begin PBXProject section */
		0425F782231E1BF900E443D5 /* Project object */ = {
			isa = PBXProject;
			attributes = {
				LastSwiftUpdateCheck = 1020;
				LastUpgradeCheck = 1020;
				ORGANIZATIONNAME = RefuseClass;
				TargetAttributes = {
					0425F789231E1BF900E443D5 = {
						CreatedOnToolsVersion = 10.2.1;
					};
				};
			};
			buildConfigurationList = 0425F785231E1BF900E443D5 /* Build configuration list for PBXProject "TestStatic" */;
			compatibilityVersion = "Xcode 9.3";
			developmentRegion = en;
			hasScannedForEncodings = 0;
			knownRegions = (
				en,
			);
			mainGroup = 0425F781231E1BF900E443D5;
			productRefGroup = 0425F78B231E1BF900E443D5 /* Products */;
			projectDirPath = "";
			projectRoot = "";
			targets = (
				0425F789231E1BF900E443D5 /* TestStatic */,
			);
		};
/* End PBXProject section */

/* Begin PBXShellScriptBuildPhase section */
		BB3BD8AD34AB67BDC401EA1A /* [CP] Check Pods Manifest.lock */ = {
			isa = PBXShellScriptBuildPhase;
			buildActionMask = 2147483647;
			files = (
			);
			inputFileListPaths = (
			);
			inputPaths = (
				"${PODS_PODFILE_DIR_PATH}/Podfile.lock",
				"${PODS_ROOT}/Manifest.lock",
			);
			name = "[CP] Check Pods Manifest.lock";
			outputFileListPaths = (
			);
			outputPaths = (
				"$(DERIVED_FILE_DIR)/Pods-TestStatic-checkManifestLockResult.txt",
			);
			runOnlyForDeploymentPostprocessing = 0;
			shellPath = /bin/sh;
			shellScript = "diff \"${PODS_PODFILE_DIR_PATH}/Podfile.lock\" \"${PODS_ROOT}/Manifest.lock\" > /dev/null\nif [ $? != 0 ] ; then\n    # print error to STDERR\n    echo \"error: The sandbox is not in sync with the Podfile.lock. Run 'pod install' or update your CocoaPods installation.\" >&2\n    exit 1\nfi\n# This output is used by Xcode 'outputs' to avoid re-running this script phase.\necho \"SUCCESS\" > \"${SCRIPT_OUTPUT_FILE_0}\"\n";
			showEnvVarsInLog = 0;
		};
/* End PBXShellScriptBuildPhase section */

/* Begin PBXSourcesBuildPhase section */
		0425F786231E1BF900E443D5 /* Sources */ = {
			isa = PBXSourcesBuildPhase;
			buildActionMask = 2147483647;
			files = (
				0425F7B1231E215C00E443D5 /* TestStaticLogic.swift in Sources */,
				0425F78E231E1BF900E443D5 /* TestStatic.swift in Sources */,
			);
			runOnlyForDeploymentPostprocessing = 0;
		};
/* End PBXSourcesBuildPhase section */

/* Begin XCBuildConfiguration section */
		0425F78F231E1BF900E443D5 /* Debug */ = {
			isa = XCBuildConfiguration;
			buildSettings = {
				ALWAYS_SEARCH_USER_PATHS = NO;
				CLANG_ANALYZER_NONNULL = YES;
				CLANG_ANALYZER_NUMBER_OBJECT_CONVERSION = YES_AGGRESSIVE;
				CLANG_CXX_LANGUAGE_STANDARD = "gnu++14";
				CLANG_CXX_LIBRARY = "libc++";
				CLANG_ENABLE_MODULES = YES;
				CLANG_ENABLE_OBJC_ARC = YES;
				CLANG_ENABLE_OBJC_WEAK = YES;
				CLANG_WARN_BLOCK_CAPTURE_AUTORELEASING = YES;
				CLANG_WARN_BOOL_CONVERSION = YES;
				CLANG_WARN_COMMA = YES;
				CLANG_WARN_CONSTANT_CONVERSION = YES;
				CLANG_WARN_DEPRECATED_OBJC_IMPLEMENTATIONS = YES;
				CLANG_WARN_DIRECT_OBJC_ISA_USAGE = YES_ERROR;
				CLANG_WARN_DOCUMENTATION_COMMENTS = YES;
				CLANG_WARN_EMPTY_BODY = YES;
				CLANG_WARN_ENUM_CONVERSION = YES;
				CLANG_WARN_INFINITE_RECURSION = YES;
				CLANG_WARN_INT_CONVERSION = YES;
				CLANG_WARN_NON_LITERAL_NULL_CONVERSION = YES;
				CLANG_WARN_OBJC_IMPLICIT_RETAIN_SELF = YES;
				CLANG_WARN_OBJC_LITERAL_CONVERSION = YES;
				CLANG_WARN_OBJC_ROOT_CLASS = YES_ERROR;
				CLANG_WARN_RANGE_LOOP_ANALYSIS = YES;
				CLANG_WARN_STRICT_PROTOTYPES = YES;
				CLANG_WARN_SUSPICIOUS_MOVE = YES;
				CLANG_WARN_UNGUARDED_AVAILABILITY = YES_AGGRESSIVE;
				CLANG_WARN_UNREACHABLE_CODE = YES;
				CLANG_WARN__DUPLICATE_METHOD_MATCH = YES;
				CODE_SIGN_IDENTITY = "iPhone Developer";
				COPY_PHASE_STRIP = NO;
				DEBUG_INFORMATION_FORMAT = dwarf;
				ENABLE_STRICT_OBJC_MSGSEND = YES;
				ENABLE_TESTABILITY = YES;
				GCC_C_LANGUAGE_STANDARD = gnu11;
				GCC_DYNAMIC_NO_PIC = NO;
				GCC_NO_COMMON_BLOCKS = YES;
				GCC_OPTIMIZATION_LEVEL = 0;
				GCC_PREPROCESSOR_DEFINITIONS = (
					"DEBUG=1",
					"$(inherited)",
				);
				GCC_WARN_64_TO_32_BIT_CONVERSION = YES;
				GCC_WARN_ABOUT_RETURN_TYPE = YES_ERROR;
				GCC_WARN_UNDECLARED_SELECTOR = YES;
				GCC_WARN_UNINITIALIZED_AUTOS = YES_AGGRESSIVE;
				GCC_WARN_UNUSED_FUNCTION = YES;
				GCC_WARN_UNUSED_VARIABLE = YES;
				IPHONEOS_DEPLOYMENT_TARGET = 10.0;
				MTL_ENABLE_DEBUG_INFO = INCLUDE_SOURCE;
				MTL_FAST_MATH = YES;
				ONLY_ACTIVE_ARCH = YES;
				SDKROOT = iphoneos;
				SWIFT_ACTIVE_COMPILATION_CONDITIONS = DEBUG;
				SWIFT_OPTIMIZATION_LEVEL = "-Onone";
			};
			name = Debug;
		};
		0425F790231E1BF900E443D5 /* Release */ = {
			isa = XCBuildConfiguration;
			buildSettings = {
				ALWAYS_SEARCH_USER_PATHS = NO;
				CLANG_ANALYZER_NONNULL = YES;
				CLANG_ANALYZER_NUMBER_OBJECT_CONVERSION = YES_AGGRESSIVE;
				CLANG_CXX_LANGUAGE_STANDARD = "gnu++14";
				CLANG_CXX_LIBRARY = "libc++";
				CLANG_ENABLE_MODULES = YES;
				CLANG_ENABLE_OBJC_ARC = YES;
				CLANG_ENABLE_OBJC_WEAK = YES;
				CLANG_WARN_BLOCK_CAPTURE_AUTORELEASING = YES;
				CLANG_WARN_BOOL_CONVERSION = YES;
				CLANG_WARN_COMMA = YES;
				CLANG_WARN_CONSTANT_CONVERSION = YES;
				CLANG_WARN_DEPRECATED_OBJC_IMPLEMENTATIONS = YES;
				CLANG_WARN_DIRECT_OBJC_ISA_USAGE = YES_ERROR;
				CLANG_WARN_DOCUMENTATION_COMMENTS = YES;
				CLANG_WARN_EMPTY_BODY = YES;
				CLANG_WARN_ENUM_CONVERSION = YES;
				CLANG_WARN_INFINITE_RECURSION = YES;
				CLANG_WARN_INT_CONVERSION = YES;
				CLANG_WARN_NON_LITERAL_NULL_CONVERSION = YES;
				CLANG_WARN_OBJC_IMPLICIT_RETAIN_SELF = YES;
				CLANG_WARN_OBJC_LITERAL_CONVERSION = YES;
				CLANG_WARN_OBJC_ROOT_CLASS = YES_ERROR;
				CLANG_WARN_RANGE_LOOP_ANALYSIS = YES;
				CLANG_WARN_STRICT_PROTOTYPES = YES;
				CLANG_WARN_SUSPICIOUS_MOVE = YES;
				CLANG_WARN_UNGUARDED_AVAILABILITY = YES_AGGRESSIVE;
				CLANG_WARN_UNREACHABLE_CODE = YES;
				CLANG_WARN__DUPLICATE_METHOD_MATCH = YES;
				CODE_SIGN_IDENTITY = "iPhone Developer";
				COPY_PHASE_STRIP = NO;
				DEBUG_INFORMATION_FORMAT = "dwarf-with-dsym";
				ENABLE_NS_ASSERTIONS = NO;
				ENABLE_STRICT_OBJC_MSGSEND = YES;
				GCC_C_LANGUAGE_STANDARD = gnu11;
				GCC_NO_COMMON_BLOCKS = YES;
				GCC_WARN_64_TO_32_BIT_CONVERSION = YES;
				GCC_WARN_ABOUT_RETURN_TYPE = YES_ERROR;
				GCC_WARN_UNDECLARED_SELECTOR = YES;
				GCC_WARN_UNINITIALIZED_AUTOS = YES_AGGRESSIVE;
				GCC_WARN_UNUSED_FUNCTION = YES;
				GCC_WARN_UNUSED_VARIABLE = YES;
				IPHONEOS_DEPLOYMENT_TARGET = 10.0;
				MTL_ENABLE_DEBUG_INFO = NO;
				MTL_FAST_MATH = YES;
				SDKROOT = iphoneos;
				SWIFT_COMPILATION_MODE = wholemodule;
				SWIFT_OPTIMIZATION_LEVEL = "-O";
				VALIDATE_PRODUCT = YES;
			};
			name = Release;
		};
		0425F792231E1BF900E443D5 /* Debug */ = {
			isa = XCBuildConfiguration;
			baseConfigurationReference = E4656005FA6BF18D2A8F9093 /* Pods-TestStatic.debug.xcconfig */;
			buildSettings = {
				CODE_SIGN_STYLE = Automatic;
				OTHER_LDFLAGS = "-ObjC";
				PRODUCT_NAME = "$(TARGET_NAME)";
				SKIP_INSTALL = YES;
				SWIFT_VERSION = 5.0;
				TARGETED_DEVICE_FAMILY = "1,2";
			};
			name = Debug;
		};
		0425F793231E1BF900E443D5 /* Release */ = {
			isa = XCBuildConfiguration;
			baseConfigurationReference = C5CA4EE9AE264338095ADD14 /* Pods-TestStatic.release.xcconfig */;
			buildSettings = {
				CODE_SIGN_STYLE = Automatic;
				OTHER_LDFLAGS = "-ObjC";
				PRODUCT_NAME = "$(TARGET_NAME)";
				SKIP_INSTALL = YES;
				SWIFT_VERSION = 5.0;
				TARGETED_DEVICE_FAMILY = "1,2";
			};
			name = Release;
		};
/* End XCBuildConfiguration section */

/* Begin XCConfigurationList section */
		0425F785231E1BF900E443D5 /* Build configuration list for PBXProject "TestStatic" */ = {
			isa = XCConfigurationList;
			buildConfigurations = (
				0425F78F231E1BF900E443D5 /* Debug */,
				0425F790231E1BF900E443D5 /* Release */,
			);
			defaultConfigurationIsVisible = 0;
			defaultConfigurationName = Release;
		};
		0425F791231E1BF900E443D5 /* Build configuration list for PBXNativeTarget "TestStatic" */ = {
			isa = XCConfigurationList;
			buildConfigurations = (
				0425F792231E1BF900E443D5 /* Debug */,
				0425F793231E1BF900E443D5 /* Release */,
			);
			defaultConfigurationIsVisible = 0;
			defaultConfigurationName = Release;
		};
/* End XCConfigurationList section */
	};
	rootObject = 0425F782231E1BF900E443D5 /* Project object */;
}
